
Microsoft Visual Studio Solution File, Format Version 12.00
# Visual Studio Version 17
VisualStudioVersion = 17.14.36518.9
MinimumVisualStudioVersion = 10.0.40219.1
Project("{FAE04EC0-301F-11D3-BF4B-00C04F79EFBC}") = "Dominio", "Dominio\Dominio.csproj", "{7EB7F359-5DFC-4BE3-B15A-5AD679C327E4}"
EndProject
Project("{FAE04EC0-301F-11D3-BF4B-00C04F79EFBC}") = "Tests", "Tests\Tests.csproj", "{57A3ACF2-0C86-4EF0-96CD-AA5C0C978919}"
EndProject
Project("{FAE04EC0-301F-11D3-BF4B-00C04F79EFBC}") = "Infraestructura", "Infraestructura\Infraestructura.csproj", "{21F11687-4FF6-40B0-8390-DD54AE6822C9}"
EndProject
Project("{FAE04EC0-301F-11D3-BF4B-00C04F79EFBC}") = "Aplicacion", "Aplicacion\Aplicacion.csproj", "{2C620959-6962-4A6E-B174-7C9DF2897C20}"
EndProject
Project("{2150E333-8FDC-42A3-9474-1A3956D46DE8}") = "01.Aplicacion", "01.Aplicacion", "{02EA681E-C7D8-13C7-8484-4AC65E1B71E8}"
EndProject
Project("{2150E333-8FDC-42A3-9474-1A3956D46DE8}") = "02.Dominio", "02.Dominio", "{185F0952-4772-4122-BC02-F37698F3C9F5}"
EndProject
Project("{2150E333-8FDC-42A3-9474-1A3956D46DE8}") = "03.Web", "03.Web", "{15C15E4F-5B22-4E99-8CAE-9D2C1F39AE90}"
EndProject
Project("{2150E333-8FDC-42A3-9474-1A3956D46DE8}") = "04.Infraestructura", "04.Infraestructura", "{098C444C-99FA-4821-BEAB-A12058EA79C6}"
EndProject
Project("{2150E333-8FDC-42A3-9474-1A3956D46DE8}") = "05.Tests", "05.Tests", "{25D04FEC-B7AE-4B54-89CE-9B18F5C1568C}"
EndProject
Project("{FAE04EC0-301F-11D3-BF4B-00C04F79EFBC}") = "API", "Web\API.csproj", "{79D7A6FA-52FD-4031-B4DF-3E01D96745D5}"
EndProject
Project("{54A90642-561A-4BB1-A94E-469ADEE60C69}") = "Cliente", "Cliente\Cliente.esproj", "{E95B1650-0F46-A6B1-F7BE-39753FF8AB7E}"
EndProject
Global
	GlobalSection(SolutionConfigurationPlatforms) = preSolution
		Debug|Any CPU = Debug|Any CPU
		Release|Any CPU = Release|Any CPU
	EndGlobalSection
	GlobalSection(ProjectConfigurationPlatforms) = postSolution
		{7EB7F359-5DFC-4BE3-B15A-5AD679C327E4}.Debug|Any CPU.ActiveCfg = Debug|Any CPU
		{7EB7F359-5DFC-4BE3-B15A-5AD679C327E4}.Debug|Any CPU.Build.0 = Debug|Any CPU
		{7EB7F359-5DFC-4BE3-B15A-5AD679C327E4}.Release|Any CPU.ActiveCfg = Release|Any CPU
		{7EB7F359-5DFC-4BE3-B15A-5AD679C327E4}.Release|Any CPU.Build.0 = Release|Any CPU
		{57A3ACF2-0C86-4EF0-96CD-AA5C0C978919}.Debug|Any CPU.ActiveCfg = Debug|Any CPU
		{57A3ACF2-0C86-4EF0-96CD-AA5C0C978919}.Debug|Any CPU.Build.0 = Debug|Any CPU
		{57A3ACF2-0C86-4EF0-96CD-AA5C0C978919}.Release|Any CPU.ActiveCfg = Release|Any CPU
		{57A3ACF2-0C86-4EF0-96CD-AA5C0C978919}.Release|Any CPU.Build.0 = Release|Any CPU
		{21F11687-4FF6-40B0-8390-DD54AE6822C9}.Debug|Any CPU.ActiveCfg = Debug|Any CPU
		{21F11687-4FF6-40B0-8390-DD54AE6822C9}.Debug|Any CPU.Build.0 = Debug|Any CPU
		{21F11687-4FF6-40B0-8390-DD54AE6822C9}.Release|Any CPU.ActiveCfg = Release|Any CPU
		{21F11687-4FF6-40B0-8390-DD54AE6822C9}.Release|Any CPU.Build.0 = Release|Any CPU
		{2C620959-6962-4A6E-B174-7C9DF2897C20}.Debug|Any CPU.ActiveCfg = Debug|Any CPU
		{2C620959-6962-4A6E-B174-7C9DF2897C20}.Debug|Any CPU.Build.0 = Debug|Any CPU
		{2C620959-6962-4A6E-B174-7C9DF2897C20}.Release|Any CPU.ActiveCfg = Release|Any CPU
		{2C620959-6962-4A6E-B174-7C9DF2897C20}.Release|Any CPU.Build.0 = Release|Any CPU
		{79D7A6FA-52FD-4031-B4DF-3E01D96745D5}.Debug|Any CPU.ActiveCfg = Debug|Any CPU
		{79D7A6FA-52FD-4031-B4DF-3E01D96745D5}.Debug|Any CPU.Build.0 = Debug|Any CPU
		{79D7A6FA-52FD-4031-B4DF-3E01D96745D5}.Release|Any CPU.ActiveCfg = Release|Any CPU
		{79D7A6FA-52FD-4031-B4DF-3E01D96745D5}.Release|Any CPU.Build.0 = Release|Any CPU
		{E95B1650-0F46-A6B1-F7BE-39753FF8AB7E}.Debug|Any CPU.ActiveCfg = Debug|Any CPU
		{E95B1650-0F46-A6B1-F7BE-39753FF8AB7E}.Debug|Any CPU.Build.0 = Debug|Any CPU
		{E95B1650-0F46-A6B1-F7BE-39753FF8AB7E}.Debug|Any CPU.Deploy.0 = Debug|Any CPU
		{E95B1650-0F46-A6B1-F7BE-39753FF8AB7E}.Release|Any CPU.ActiveCfg = Release|Any CPU
		{E95B1650-0F46-A6B1-F7BE-39753FF8AB7E}.Release|Any CPU.Build.0 = Release|Any CPU
		{E95B1650-0F46-A6B1-F7BE-39753FF8AB7E}.Release|Any CPU.Deploy.0 = Release|Any CPU
	EndGlobalSection
	GlobalSection(SolutionProperties) = preSolution
		HideSolutionNode = FALSE
	EndGlobalSection
	GlobalSection(NestedProjects) = preSolution
		{7EB7F359-5DFC-4BE3-B15A-5AD679C327E4} = {185F0952-4772-4122-BC02-F37698F3C9F5}
		{57A3ACF2-0C86-4EF0-96CD-AA5C0C978919} = {25D04FEC-B7AE-4B54-89CE-9B18F5C1568C}
		{21F11687-4FF6-40B0-8390-DD54AE6822C9} = {098C444C-99FA-4821-BEAB-A12058EA79C6}
		{2C620959-6962-4A6E-B174-7C9DF2897C20} = {02EA681E-C7D8-13C7-8484-4AC65E1B71E8}
		{79D7A6FA-52FD-4031-B4DF-3E01D96745D5} = {15C15E4F-5B22-4E99-8CAE-9D2C1F39AE90}
		{E95B1650-0F46-A6B1-F7BE-39753FF8AB7E} = {15C15E4F-5B22-4E99-8CAE-9D2C1F39AE90}
	EndGlobalSection
	GlobalSection(ExtensibilityGlobals) = postSolution
		SolutionGuid = {F5615443-85F1-4542-91BC-7D9189791EAA}
	EndGlobalSection
EndGlobal
